
Microsoft Visual Studio Solution File, Format Version 12.00
# Visual Studio Version 17
VisualStudioVersion = 17.5.2.0
MinimumVisualStudioVersion = 10.0.40219.1
Project("{FAE04EC0-301F-11D3-BF4B-00C04F79EFBC}") = "MyApi", "MyApi\MyApi.csproj", "{131A9C37-6E91-4A20-AD63-38D3F1A50ADA}"
EndProject
Project("{FAE04EC0-301F-11D3-BF4B-00C04F79EFBC}") = "MessageBus", "MessageBus\MessageBus.csproj", "{8DEA16EB-CAD2-48BA-A807-9C9C46AF4F78}"
EndProject
Project("{FAE04EC0-301F-11D3-BF4B-00C04F79EFBC}") = "Reader", "Reader\Reader.csproj", "{B0E43BAA-8400-4BC4-9EB6-A7AE4E098797}"
EndProject
Project("{2150E333-8FDC-42A3-9474-1A3956D46DE8}") = "Tests", "Tests", "{0AB3BF05-4346-4AA6-1389-037BE0695223}"
EndProject
Project("{FAE04EC0-301F-11D3-BF4B-00C04F79EFBC}") = "MyApiTests", "Tests\MyApiTests\MyApiTests.csproj", "{B03FC3FD-9410-4998-9412-3E288195A054}"
EndProject
Global
	GlobalSection(SolutionConfigurationPlatforms) = preSolution
		Debug|Any CPU = Debug|Any CPU
		Debug|x64 = Debug|x64
		Debug|x86 = Debug|x86
		Release|Any CPU = Release|Any CPU
		Release|x64 = Release|x64
		Release|x86 = Release|x86
	EndGlobalSection
	GlobalSection(ProjectConfigurationPlatforms) = postSolution
		{131A9C37-6E91-4A20-AD63-38D3F1A50ADA}.Debug|Any CPU.ActiveCfg = Debug|Any CPU
		{131A9C37-6E91-4A20-AD63-38D3F1A50ADA}.Debug|Any CPU.Build.0 = Debug|Any CPU
		{131A9C37-6E91-4A20-AD63-38D3F1A50ADA}.Debug|x64.ActiveCfg = Debug|Any CPU
		{131A9C37-6E91-4A20-AD63-38D3F1A50ADA}.Debug|x64.Build.0 = Debug|Any CPU
		{131A9C37-6E91-4A20-AD63-38D3F1A50ADA}.Debug|x86.ActiveCfg = Debug|Any CPU
		{131A9C37-6E91-4A20-AD63-38D3F1A50ADA}.Debug|x86.Build.0 = Debug|Any CPU
		{131A9C37-6E91-4A20-AD63-38D3F1A50ADA}.Release|Any CPU.ActiveCfg = Release|Any CPU
		{131A9C37-6E91-4A20-AD63-38D3F1A50ADA}.Release|Any CPU.Build.0 = Release|Any CPU
		{131A9C37-6E91-4A20-AD63-38D3F1A50ADA}.Release|x64.ActiveCfg = Release|Any CPU
		{131A9C37-6E91-4A20-AD63-38D3F1A50ADA}.Release|x64.Build.0 = Release|Any CPU
		{131A9C37-6E91-4A20-AD63-38D3F1A50ADA}.Release|x86.ActiveCfg = Release|Any CPU
		{131A9C37-6E91-4A20-AD63-38D3F1A50ADA}.Release|x86.Build.0 = Release|Any CPU
		{8DEA16EB-CAD2-48BA-A807-9C9C46AF4F78}.Debug|Any CPU.ActiveCfg = Debug|Any CPU
		{8DEA16EB-CAD2-48BA-A807-9C9C46AF4F78}.Debug|Any CPU.Build.0 = Debug|Any CPU
		{8DEA16EB-CAD2-48BA-A807-9C9C46AF4F78}.Debug|x64.ActiveCfg = Debug|Any CPU
		{8DEA16EB-CAD2-48BA-A807-9C9C46AF4F78}.Debug|x64.Build.0 = Debug|Any CPU
		{8DEA16EB-CAD2-48BA-A807-9C9C46AF4F78}.Debug|x86.ActiveCfg = Debug|Any CPU
		{8DEA16EB-CAD2-48BA-A807-9C9C46AF4F78}.Debug|x86.Build.0 = Debug|Any CPU
		{8DEA16EB-CAD2-48BA-A807-9C9C46AF4F78}.Release|Any CPU.ActiveCfg = Release|Any CPU
		{8DEA16EB-CAD2-48BA-A807-9C9C46AF4F78}.Release|Any CPU.Build.0 = Release|Any CPU
		{8DEA16EB-CAD2-48BA-A807-9C9C46AF4F78}.Release|x64.ActiveCfg = Release|Any CPU
		{8DEA16EB-CAD2-48BA-A807-9C9C46AF4F78}.Release|x64.Build.0 = Release|Any CPU
		{8DEA16EB-CAD2-48BA-A807-9C9C46AF4F78}.Release|x86.ActiveCfg = Release|Any CPU
		{8DEA16EB-CAD2-48BA-A807-9C9C46AF4F78}.Release|x86.Build.0 = Release|Any CPU
		{B0E43BAA-8400-4BC4-9EB6-A7AE4E098797}.Debug|Any CPU.ActiveCfg = Debug|Any CPU
		{B0E43BAA-8400-4BC4-9EB6-A7AE4E098797}.Debug|Any CPU.Build.0 = Debug|Any CPU
		{B0E43BAA-8400-4BC4-9EB6-A7AE4E098797}.Debug|x64.ActiveCfg = Debug|Any CPU
		{B0E43BAA-8400-4BC4-9EB6-A7AE4E098797}.Debug|x64.Build.0 = Debug|Any CPU
		{B0E43BAA-8400-4BC4-9EB6-A7AE4E098797}.Debug|x86.ActiveCfg = Debug|Any CPU
		{B0E43BAA-8400-4BC4-9EB6-A7AE4E098797}.Debug|x86.Build.0 = Debug|Any CPU
		{B0E43BAA-8400-4BC4-9EB6-A7AE4E098797}.Release|Any CPU.ActiveCfg = Release|Any CPU
		{B0E43BAA-8400-4BC4-9EB6-A7AE4E098797}.Release|Any CPU.Build.0 = Release|Any CPU
		{B0E43BAA-8400-4BC4-9EB6-A7AE4E098797}.Release|x64.ActiveCfg = Release|Any CPU
		{B0E43BAA-8400-4BC4-9EB6-A7AE4E098797}.Release|x64.Build.0 = Release|Any CPU
		{B0E43BAA-8400-4BC4-9EB6-A7AE4E098797}.Release|x86.ActiveCfg = Release|Any CPU
		{B0E43BAA-8400-4BC4-9EB6-A7AE4E098797}.Release|x86.Build.0 = Release|Any CPU
		{B03FC3FD-9410-4998-9412-3E288195A054}.Debug|Any CPU.ActiveCfg = Debug|Any CPU
		{B03FC3FD-9410-4998-9412-3E288195A054}.Debug|Any CPU.Build.0 = Debug|Any CPU
		{B03FC3FD-9410-4998-9412-3E288195A054}.Debug|x64.ActiveCfg = Debug|Any CPU
		{B03FC3FD-9410-4998-9412-3E288195A054}.Debug|x64.Build.0 = Debug|Any CPU
		{B03FC3FD-9410-4998-9412-3E288195A054}.Debug|x86.ActiveCfg = Debug|Any CPU
		{B03FC3FD-9410-4998-9412-3E288195A054}.Debug|x86.Build.0 = Debug|Any CPU
		{B03FC3FD-9410-4998-9412-3E288195A054}.Release|Any CPU.ActiveCfg = Release|Any CPU
		{B03FC3FD-9410-4998-9412-3E288195A054}.Release|Any CPU.Build.0 = Release|Any CPU
		{B03FC3FD-9410-4998-9412-3E288195A054}.Release|x64.ActiveCfg = Release|Any CPU
		{B03FC3FD-9410-4998-9412-3E288195A054}.Release|x64.Build.0 = Release|Any CPU
		{B03FC3FD-9410-4998-9412-3E288195A054}.Release|x86.ActiveCfg = Release|Any CPU
		{B03FC3FD-9410-4998-9412-3E288195A054}.Release|x86.Build.0 = Release|Any CPU
	EndGlobalSection
	GlobalSection(SolutionProperties) = preSolution
		HideSolutionNode = FALSE
	EndGlobalSection
	GlobalSection(NestedProjects) = preSolution
		{B03FC3FD-9410-4998-9412-3E288195A054} = {0AB3BF05-4346-4AA6-1389-037BE0695223}
	EndGlobalSection
	GlobalSection(ExtensibilityGlobals) = postSolution
		SolutionGuid = {A471288B-48A6-423B-BCF8-53A37AA926A6}
	EndGlobalSection
EndGlobal
